
Microsoft Visual Studio Solution File, Format Version 12.00
# Visual Studio Version 16
VisualStudioVersion = 16.0.31911.196
MinimumVisualStudioVersion = 10.0.40219.1
Project("{FAE04EC0-301F-11D3-BF4B-00C04F79EFBC}") = "Ders3", "Ders3\Ders3.csproj", "{3EF3DD02-9DA2-47DA-A7FD-C0268C0D49B3}"
EndProject
Global
	GlobalSection(SolutionConfigurationPlatforms) = preSolution
		Debug|Any CPU = Debug|Any CPU
		Release|Any CPU = Release|Any CPU
	EndGlobalSection
	GlobalSection(ProjectConfigurationPlatforms) = postSolution
		{3EF3DD02-9DA2-47DA-A7FD-C0268C0D49B3}.Debug|Any CPU.ActiveCfg = Debug|Any CPU
		{3EF3DD02-9DA2-47DA-A7FD-C0268C0D49B3}.Debug|Any CPU.Build.0 = Debug|Any CPU
		{3EF3DD02-9DA2-47DA-A7FD-C0268C0D49B3}.Release|Any CPU.ActiveCfg = Release|Any CPU
		{3EF3DD02-9DA2-47DA-A7FD-C0268C0D49B3}.Release|Any CPU.Build.0 = Release|Any CPU
	EndGlobalSection
	GlobalSection(SolutionProperties) = preSolution
		HideSolutionNode = FALSE
	EndGlobalSection
	GlobalSection(ExtensibilityGlobals) = postSolution
		SolutionGuid = {A2361842-AD88-4736-AF27-5077B7C6FAAA}
	EndGlobalSection
EndGlobal
