
Microsoft Visual Studio Solution File, Format Version 12.00
# Visual Studio Version 17
VisualStudioVersion = 17.4.33213.308
MinimumVisualStudioVersion = 10.0.40219.1
Project("{FAE04EC0-301F-11D3-BF4B-00C04F79EFBC}") = "SetupDeneme", "SetupDeneme\SetupDeneme.csproj", "{97617DD3-3474-4300-AF56-BF5C74AE3364}"
EndProject
Project("{54435603-DBB4-11D2-8724-00A0C9A8B90C}") = "Setup", "Setup\Setup.vdproj", "{D7DA8A19-1185-44E7-8BF8-68885DC3C056}"
EndProject
Global
	GlobalSection(SolutionConfigurationPlatforms) = preSolution
		Debug|Any CPU = Debug|Any CPU
		Release|Any CPU = Release|Any CPU
	EndGlobalSection
	GlobalSection(ProjectConfigurationPlatforms) = postSolution
		{97617DD3-3474-4300-AF56-BF5C74AE3364}.Debug|Any CPU.ActiveCfg = Debug|Any CPU
		{97617DD3-3474-4300-AF56-BF5C74AE3364}.Debug|Any CPU.Build.0 = Debug|Any CPU
		{97617DD3-3474-4300-AF56-BF5C74AE3364}.Release|Any CPU.ActiveCfg = Release|Any CPU
		{97617DD3-3474-4300-AF56-BF5C74AE3364}.Release|Any CPU.Build.0 = Release|Any CPU
		{D7DA8A19-1185-44E7-8BF8-68885DC3C056}.Debug|Any CPU.ActiveCfg = Debug
		{D7DA8A19-1185-44E7-8BF8-68885DC3C056}.Release|Any CPU.ActiveCfg = Release
	EndGlobalSection
	GlobalSection(SolutionProperties) = preSolution
		HideSolutionNode = FALSE
	EndGlobalSection
	GlobalSection(ExtensibilityGlobals) = postSolution
		SolutionGuid = {7A70FE8D-D890-4D00-A420-FBFE0CF54286}
	EndGlobalSection
EndGlobal
