
Microsoft Visual Studio Solution File, Format Version 12.00
# Visual Studio Version 16
VisualStudioVersion = 16.0.31911.196
MinimumVisualStudioVersion = 10.0.40219.1
Project("{FAE04EC0-301F-11D3-BF4B-00C04F79EFBC}") = "Ders17", "Ders17\Ders17.csproj", "{8BA5FB33-6E88-4784-9B66-16F43AA12B9A}"
EndProject
Global
	GlobalSection(SolutionConfigurationPlatforms) = preSolution
		Debug|Any CPU = Debug|Any CPU
		Release|Any CPU = Release|Any CPU
	EndGlobalSection
	GlobalSection(ProjectConfigurationPlatforms) = postSolution
		{8BA5FB33-6E88-4784-9B66-16F43AA12B9A}.Debug|Any CPU.ActiveCfg = Debug|Any CPU
		{8BA5FB33-6E88-4784-9B66-16F43AA12B9A}.Debug|Any CPU.Build.0 = Debug|Any CPU
		{8BA5FB33-6E88-4784-9B66-16F43AA12B9A}.Release|Any CPU.ActiveCfg = Release|Any CPU
		{8BA5FB33-6E88-4784-9B66-16F43AA12B9A}.Release|Any CPU.Build.0 = Release|Any CPU
	EndGlobalSection
	GlobalSection(SolutionProperties) = preSolution
		HideSolutionNode = FALSE
	EndGlobalSection
	GlobalSection(ExtensibilityGlobals) = postSolution
		SolutionGuid = {0C4384E4-BE56-4DC3-98AF-38170ED7735F}
	EndGlobalSection
EndGlobal
