
Microsoft Visual Studio Solution File, Format Version 12.00
# Visual Studio Version 17
VisualStudioVersion = 17.3.32929.385
MinimumVisualStudioVersion = 10.0.40219.1
Project("{FAE04EC0-301F-11D3-BF4B-00C04F79EFBC}") = "Music", "Music\Music.csproj", "{35DFD0D2-2D8E-4379-8E68-26101F8B3E2E}"
EndProject
Global
	GlobalSection(SolutionConfigurationPlatforms) = preSolution
		Debug|Any CPU = Debug|Any CPU
		Release|Any CPU = Release|Any CPU
	EndGlobalSection
	GlobalSection(ProjectConfigurationPlatforms) = postSolution
		{35DFD0D2-2D8E-4379-8E68-26101F8B3E2E}.Debug|Any CPU.ActiveCfg = Debug|Any CPU
		{35DFD0D2-2D8E-4379-8E68-26101F8B3E2E}.Debug|Any CPU.Build.0 = Debug|Any CPU
		{35DFD0D2-2D8E-4379-8E68-26101F8B3E2E}.Release|Any CPU.ActiveCfg = Release|Any CPU
		{35DFD0D2-2D8E-4379-8E68-26101F8B3E2E}.Release|Any CPU.Build.0 = Release|Any CPU
	EndGlobalSection
	GlobalSection(SolutionProperties) = preSolution
		HideSolutionNode = FALSE
	EndGlobalSection
	GlobalSection(ExtensibilityGlobals) = postSolution
		SolutionGuid = {6468BF25-2103-4693-8493-F157C4068199}
	EndGlobalSection
EndGlobal
