
Microsoft Visual Studio Solution File, Format Version 12.00
# Visual Studio Version 17
VisualStudioVersion = 17.4.33110.190
MinimumVisualStudioVersion = 10.0.40219.1
Project("{FAE04EC0-301F-11D3-BF4B-00C04F79EFBC}") = "MyProjectSite", "MyProjectSite\MyProjectSite.csproj", "{480716B5-B9FE-48EF-B635-86D98D8EE6A6}"
EndProject
Global
	GlobalSection(SolutionConfigurationPlatforms) = preSolution
		Debug|Any CPU = Debug|Any CPU
		Release|Any CPU = Release|Any CPU
	EndGlobalSection
	GlobalSection(ProjectConfigurationPlatforms) = postSolution
		{480716B5-B9FE-48EF-B635-86D98D8EE6A6}.Debug|Any CPU.ActiveCfg = Debug|Any CPU
		{480716B5-B9FE-48EF-B635-86D98D8EE6A6}.Debug|Any CPU.Build.0 = Debug|Any CPU
		{480716B5-B9FE-48EF-B635-86D98D8EE6A6}.Release|Any CPU.ActiveCfg = Release|Any CPU
		{480716B5-B9FE-48EF-B635-86D98D8EE6A6}.Release|Any CPU.Build.0 = Release|Any CPU
	EndGlobalSection
	GlobalSection(SolutionProperties) = preSolution
		HideSolutionNode = FALSE
	EndGlobalSection
	GlobalSection(ExtensibilityGlobals) = postSolution
		SolutionGuid = {414E9CF4-304F-4963-A537-BA205D96CC52}
	EndGlobalSection
EndGlobal
