
Microsoft Visual Studio Solution File, Format Version 12.00
# Visual Studio Version 16
VisualStudioVersion = 16.0.31911.196
MinimumVisualStudioVersion = 10.0.40219.1
Project("{FAE04EC0-301F-11D3-BF4B-00C04F79EFBC}") = "Ders5", "Ders5\Ders5.csproj", "{4BB9DDB7-1C95-4318-848F-FF371A111CC0}"
EndProject
Global
	GlobalSection(SolutionConfigurationPlatforms) = preSolution
		Debug|Any CPU = Debug|Any CPU
		Release|Any CPU = Release|Any CPU
	EndGlobalSection
	GlobalSection(ProjectConfigurationPlatforms) = postSolution
		{4BB9DDB7-1C95-4318-848F-FF371A111CC0}.Debug|Any CPU.ActiveCfg = Debug|Any CPU
		{4BB9DDB7-1C95-4318-848F-FF371A111CC0}.Debug|Any CPU.Build.0 = Debug|Any CPU
		{4BB9DDB7-1C95-4318-848F-FF371A111CC0}.Release|Any CPU.ActiveCfg = Release|Any CPU
		{4BB9DDB7-1C95-4318-848F-FF371A111CC0}.Release|Any CPU.Build.0 = Release|Any CPU
	EndGlobalSection
	GlobalSection(SolutionProperties) = preSolution
		HideSolutionNode = FALSE
	EndGlobalSection
	GlobalSection(ExtensibilityGlobals) = postSolution
		SolutionGuid = {3B8271A2-B76A-4D0B-B4D5-C56723713A78}
	EndGlobalSection
EndGlobal
