
Microsoft Visual Studio Solution File, Format Version 12.00
# Visual Studio Version 17
VisualStudioVersion = 17.3.32901.215
MinimumVisualStudioVersion = 10.0.40219.1
Project("{FAE04EC0-301F-11D3-BF4B-00C04F79EFBC}") = "Car", "Car\Car.csproj", "{1131BB51-912E-4CD8-9D65-22B0C61CEA90}"
EndProject
Global
	GlobalSection(SolutionConfigurationPlatforms) = preSolution
		Debug|Any CPU = Debug|Any CPU
		Release|Any CPU = Release|Any CPU
	EndGlobalSection
	GlobalSection(ProjectConfigurationPlatforms) = postSolution
		{1131BB51-912E-4CD8-9D65-22B0C61CEA90}.Debug|Any CPU.ActiveCfg = Debug|Any CPU
		{1131BB51-912E-4CD8-9D65-22B0C61CEA90}.Debug|Any CPU.Build.0 = Debug|Any CPU
		{1131BB51-912E-4CD8-9D65-22B0C61CEA90}.Release|Any CPU.ActiveCfg = Release|Any CPU
		{1131BB51-912E-4CD8-9D65-22B0C61CEA90}.Release|Any CPU.Build.0 = Release|Any CPU
	EndGlobalSection
	GlobalSection(SolutionProperties) = preSolution
		HideSolutionNode = FALSE
	EndGlobalSection
	GlobalSection(ExtensibilityGlobals) = postSolution
		SolutionGuid = {38AB4B71-A9D0-43A3-9B80-60E2FB6EEB92}
	EndGlobalSection
EndGlobal
