
Microsoft Visual Studio Solution File, Format Version 12.00
# Visual Studio Version 17
VisualStudioVersion = 17.4.33205.214
MinimumVisualStudioVersion = 10.0.40219.1
Project("{FAE04EC0-301F-11D3-BF4B-00C04F79EFBC}") = "Pizza", "Pizza\Pizza.csproj", "{AB56BAAC-F98D-4ABF-804C-17DBF5F7A202}"
EndProject
Global
	GlobalSection(SolutionConfigurationPlatforms) = preSolution
		Debug|Any CPU = Debug|Any CPU
		Release|Any CPU = Release|Any CPU
	EndGlobalSection
	GlobalSection(ProjectConfigurationPlatforms) = postSolution
		{AB56BAAC-F98D-4ABF-804C-17DBF5F7A202}.Debug|Any CPU.ActiveCfg = Debug|Any CPU
		{AB56BAAC-F98D-4ABF-804C-17DBF5F7A202}.Debug|Any CPU.Build.0 = Debug|Any CPU
		{AB56BAAC-F98D-4ABF-804C-17DBF5F7A202}.Release|Any CPU.ActiveCfg = Release|Any CPU
		{AB56BAAC-F98D-4ABF-804C-17DBF5F7A202}.Release|Any CPU.Build.0 = Release|Any CPU
	EndGlobalSection
	GlobalSection(SolutionProperties) = preSolution
		HideSolutionNode = FALSE
	EndGlobalSection
	GlobalSection(ExtensibilityGlobals) = postSolution
		SolutionGuid = {D9925F22-612D-4977-8EED-AC756B20DE72}
	EndGlobalSection
EndGlobal
