
Microsoft Visual Studio Solution File, Format Version 12.00
# Visual Studio Version 16
VisualStudioVersion = 16.0.31911.196
MinimumVisualStudioVersion = 10.0.40219.1
Project("{FAE04EC0-301F-11D3-BF4B-00C04F79EFBC}") = "Ders8", "Ders8\Ders8.csproj", "{B12CAB77-3B94-4A5D-A2BD-37945FED9CCB}"
EndProject
Global
	GlobalSection(SolutionConfigurationPlatforms) = preSolution
		Debug|Any CPU = Debug|Any CPU
		Release|Any CPU = Release|Any CPU
	EndGlobalSection
	GlobalSection(ProjectConfigurationPlatforms) = postSolution
		{B12CAB77-3B94-4A5D-A2BD-37945FED9CCB}.Debug|Any CPU.ActiveCfg = Debug|Any CPU
		{B12CAB77-3B94-4A5D-A2BD-37945FED9CCB}.Debug|Any CPU.Build.0 = Debug|Any CPU
		{B12CAB77-3B94-4A5D-A2BD-37945FED9CCB}.Release|Any CPU.ActiveCfg = Release|Any CPU
		{B12CAB77-3B94-4A5D-A2BD-37945FED9CCB}.Release|Any CPU.Build.0 = Release|Any CPU
	EndGlobalSection
	GlobalSection(SolutionProperties) = preSolution
		HideSolutionNode = FALSE
	EndGlobalSection
	GlobalSection(ExtensibilityGlobals) = postSolution
		SolutionGuid = {715691CA-F799-4FA0-AD6E-CBDECF0D7FB0}
	EndGlobalSection
EndGlobal
