
Microsoft Visual Studio Solution File, Format Version 12.00
# Visual Studio Version 17
VisualStudioVersion = 17.2.32630.192
MinimumVisualStudioVersion = 10.0.40219.1
Project("{FAE04EC0-301F-11D3-BF4B-00C04F79EFBC}") = "WinFormsApp1", "WinFormsApp1\WinFormsApp1.csproj", "{0B4F2E95-5BF3-4E96-900F-5E921CFE7B08}"
EndProject
Global
	GlobalSection(SolutionConfigurationPlatforms) = preSolution
		Debug|Any CPU = Debug|Any CPU
		Release|Any CPU = Release|Any CPU
	EndGlobalSection
	GlobalSection(ProjectConfigurationPlatforms) = postSolution
		{0B4F2E95-5BF3-4E96-900F-5E921CFE7B08}.Debug|Any CPU.ActiveCfg = Debug|Any CPU
		{0B4F2E95-5BF3-4E96-900F-5E921CFE7B08}.Debug|Any CPU.Build.0 = Debug|Any CPU
		{0B4F2E95-5BF3-4E96-900F-5E921CFE7B08}.Release|Any CPU.ActiveCfg = Release|Any CPU
		{0B4F2E95-5BF3-4E96-900F-5E921CFE7B08}.Release|Any CPU.Build.0 = Release|Any CPU
	EndGlobalSection
	GlobalSection(SolutionProperties) = preSolution
		HideSolutionNode = FALSE
	EndGlobalSection
	GlobalSection(ExtensibilityGlobals) = postSolution
		SolutionGuid = {70DC6C4A-5BCA-4F51-A1BF-6B535771392A}
	EndGlobalSection
EndGlobal
