
Microsoft Visual Studio Solution File, Format Version 12.00
# Visual Studio Version 16
VisualStudioVersion = 16.0.31911.196
MinimumVisualStudioVersion = 10.0.40219.1
Project("{FAE04EC0-301F-11D3-BF4B-00C04F79EFBC}") = "Ders6", "Ders6\Ders6.csproj", "{984CCB30-333C-4065-85A5-724B3A2C6904}"
EndProject
Global
	GlobalSection(SolutionConfigurationPlatforms) = preSolution
		Debug|Any CPU = Debug|Any CPU
		Release|Any CPU = Release|Any CPU
	EndGlobalSection
	GlobalSection(ProjectConfigurationPlatforms) = postSolution
		{984CCB30-333C-4065-85A5-724B3A2C6904}.Debug|Any CPU.ActiveCfg = Debug|Any CPU
		{984CCB30-333C-4065-85A5-724B3A2C6904}.Debug|Any CPU.Build.0 = Debug|Any CPU
		{984CCB30-333C-4065-85A5-724B3A2C6904}.Release|Any CPU.ActiveCfg = Release|Any CPU
		{984CCB30-333C-4065-85A5-724B3A2C6904}.Release|Any CPU.Build.0 = Release|Any CPU
	EndGlobalSection
	GlobalSection(SolutionProperties) = preSolution
		HideSolutionNode = FALSE
	EndGlobalSection
	GlobalSection(ExtensibilityGlobals) = postSolution
		SolutionGuid = {ACACF132-0F31-462D-94A7-53F8B864CB7F}
	EndGlobalSection
EndGlobal
