
Microsoft Visual Studio Solution File, Format Version 12.00
# Visual Studio Version 16
VisualStudioVersion = 16.0.31911.196
MinimumVisualStudioVersion = 10.0.40219.1
Project("{FAE04EC0-301F-11D3-BF4B-00C04F79EFBC}") = "Ders4", "Ders4\Ders4.csproj", "{0A9A2AA1-32D3-45B6-B28C-BCB578AF202E}"
EndProject
Global
	GlobalSection(SolutionConfigurationPlatforms) = preSolution
		Debug|Any CPU = Debug|Any CPU
		Release|Any CPU = Release|Any CPU
	EndGlobalSection
	GlobalSection(ProjectConfigurationPlatforms) = postSolution
		{0A9A2AA1-32D3-45B6-B28C-BCB578AF202E}.Debug|Any CPU.ActiveCfg = Debug|Any CPU
		{0A9A2AA1-32D3-45B6-B28C-BCB578AF202E}.Debug|Any CPU.Build.0 = Debug|Any CPU
		{0A9A2AA1-32D3-45B6-B28C-BCB578AF202E}.Release|Any CPU.ActiveCfg = Release|Any CPU
		{0A9A2AA1-32D3-45B6-B28C-BCB578AF202E}.Release|Any CPU.Build.0 = Release|Any CPU
	EndGlobalSection
	GlobalSection(SolutionProperties) = preSolution
		HideSolutionNode = FALSE
	EndGlobalSection
	GlobalSection(ExtensibilityGlobals) = postSolution
		SolutionGuid = {1D38B0D8-6D2C-456A-A3DE-B36A74E2E41E}
	EndGlobalSection
EndGlobal
