
Microsoft Visual Studio Solution File, Format Version 12.00
# Visual Studio Version 17
VisualStudioVersion = 17.0.32112.339
MinimumVisualStudioVersion = 10.0.40219.1
Project("{FAE04EC0-301F-11D3-BF4B-00C04F79EFBC}") = "WindowsFormsApp1", "WindowsFormsApp1\WindowsFormsApp1.csproj", "{D04D6EA1-12D5-476D-951D-BFADEF033102}"
EndProject
Global
	GlobalSection(SolutionConfigurationPlatforms) = preSolution
		Debug|Any CPU = Debug|Any CPU
		Release|Any CPU = Release|Any CPU
	EndGlobalSection
	GlobalSection(ProjectConfigurationPlatforms) = postSolution
		{D04D6EA1-12D5-476D-951D-BFADEF033102}.Debug|Any CPU.ActiveCfg = Debug|Any CPU
		{D04D6EA1-12D5-476D-951D-BFADEF033102}.Debug|Any CPU.Build.0 = Debug|Any CPU
		{D04D6EA1-12D5-476D-951D-BFADEF033102}.Release|Any CPU.ActiveCfg = Release|Any CPU
		{D04D6EA1-12D5-476D-951D-BFADEF033102}.Release|Any CPU.Build.0 = Release|Any CPU
	EndGlobalSection
	GlobalSection(SolutionProperties) = preSolution
		HideSolutionNode = FALSE
	EndGlobalSection
	GlobalSection(ExtensibilityGlobals) = postSolution
		SolutionGuid = {90EA105A-4D56-498D-80A5-EBFE18FCE189}
	EndGlobalSection
EndGlobal
