
Microsoft Visual Studio Solution File, Format Version 12.00
# Visual Studio Version 17
VisualStudioVersion = 17.2.32630.192
MinimumVisualStudioVersion = 10.0.40219.1
Project("{FAE04EC0-301F-11D3-BF4B-00C04F79EFBC}") = "WinFormsApp1", "WinFormsApp1\WinFormsApp1.csproj", "{F929E58A-3ECD-4D19-A6A8-90265B35BC2A}"
EndProject
Global
	GlobalSection(SolutionConfigurationPlatforms) = preSolution
		Debug|Any CPU = Debug|Any CPU
		Release|Any CPU = Release|Any CPU
	EndGlobalSection
	GlobalSection(ProjectConfigurationPlatforms) = postSolution
		{F929E58A-3ECD-4D19-A6A8-90265B35BC2A}.Debug|Any CPU.ActiveCfg = Debug|Any CPU
		{F929E58A-3ECD-4D19-A6A8-90265B35BC2A}.Debug|Any CPU.Build.0 = Debug|Any CPU
		{F929E58A-3ECD-4D19-A6A8-90265B35BC2A}.Release|Any CPU.ActiveCfg = Release|Any CPU
		{F929E58A-3ECD-4D19-A6A8-90265B35BC2A}.Release|Any CPU.Build.0 = Release|Any CPU
	EndGlobalSection
	GlobalSection(SolutionProperties) = preSolution
		HideSolutionNode = FALSE
	EndGlobalSection
	GlobalSection(ExtensibilityGlobals) = postSolution
		SolutionGuid = {C3093885-4094-41B1-9620-0752F1678B16}
	EndGlobalSection
EndGlobal
