
Microsoft Visual Studio Solution File, Format Version 12.00
# Visual Studio Version 16
VisualStudioVersion = 16.0.31911.196
MinimumVisualStudioVersion = 10.0.40219.1
Project("{FAE04EC0-301F-11D3-BF4B-00C04F79EFBC}") = "Ders16", "Ders16\Ders16.csproj", "{B8E88211-154E-49AE-994B-64A8F0E7C2AD}"
EndProject
Global
	GlobalSection(SolutionConfigurationPlatforms) = preSolution
		Debug|Any CPU = Debug|Any CPU
		Release|Any CPU = Release|Any CPU
	EndGlobalSection
	GlobalSection(ProjectConfigurationPlatforms) = postSolution
		{B8E88211-154E-49AE-994B-64A8F0E7C2AD}.Debug|Any CPU.ActiveCfg = Debug|Any CPU
		{B8E88211-154E-49AE-994B-64A8F0E7C2AD}.Debug|Any CPU.Build.0 = Debug|Any CPU
		{B8E88211-154E-49AE-994B-64A8F0E7C2AD}.Release|Any CPU.ActiveCfg = Release|Any CPU
		{B8E88211-154E-49AE-994B-64A8F0E7C2AD}.Release|Any CPU.Build.0 = Release|Any CPU
	EndGlobalSection
	GlobalSection(SolutionProperties) = preSolution
		HideSolutionNode = FALSE
	EndGlobalSection
	GlobalSection(ExtensibilityGlobals) = postSolution
		SolutionGuid = {5664A251-416B-4FF9-839B-7D0550DF9D8C}
	EndGlobalSection
EndGlobal
