
Microsoft Visual Studio Solution File, Format Version 12.00
# Visual Studio Version 16
VisualStudioVersion = 16.0.31829.152
MinimumVisualStudioVersion = 10.0.40219.1
Project("{FAE04EC0-301F-11D3-BF4B-00C04F79EFBC}") = "RadioButton2", "RadioButton2\RadioButton2.csproj", "{EB5E7A19-724C-4CC5-9166-20587F355488}"
EndProject
Global
	GlobalSection(SolutionConfigurationPlatforms) = preSolution
		Debug|Any CPU = Debug|Any CPU
		Release|Any CPU = Release|Any CPU
	EndGlobalSection
	GlobalSection(ProjectConfigurationPlatforms) = postSolution
		{EB5E7A19-724C-4CC5-9166-20587F355488}.Debug|Any CPU.ActiveCfg = Debug|Any CPU
		{EB5E7A19-724C-4CC5-9166-20587F355488}.Debug|Any CPU.Build.0 = Debug|Any CPU
		{EB5E7A19-724C-4CC5-9166-20587F355488}.Release|Any CPU.ActiveCfg = Release|Any CPU
		{EB5E7A19-724C-4CC5-9166-20587F355488}.Release|Any CPU.Build.0 = Release|Any CPU
	EndGlobalSection
	GlobalSection(SolutionProperties) = preSolution
		HideSolutionNode = FALSE
	EndGlobalSection
	GlobalSection(ExtensibilityGlobals) = postSolution
		SolutionGuid = {D085FBB1-A20C-4FDA-96E4-FF689075C1C5}
	EndGlobalSection
EndGlobal
