
Microsoft Visual Studio Solution File, Format Version 12.00
# Visual Studio Version 17
VisualStudioVersion = 17.1.32407.343
MinimumVisualStudioVersion = 10.0.40219.1
Project("{FAE04EC0-301F-11D3-BF4B-00C04F79EFBC}") = "ConsoleApp1", "ConsoleApp1\ConsoleApp1.csproj", "{B9F19026-DE9D-4BF7-9598-646BCA691753}"
EndProject
Global
	GlobalSection(SolutionConfigurationPlatforms) = preSolution
		Debug|Any CPU = Debug|Any CPU
		Release|Any CPU = Release|Any CPU
	EndGlobalSection
	GlobalSection(ProjectConfigurationPlatforms) = postSolution
		{B9F19026-DE9D-4BF7-9598-646BCA691753}.Debug|Any CPU.ActiveCfg = Debug|Any CPU
		{B9F19026-DE9D-4BF7-9598-646BCA691753}.Debug|Any CPU.Build.0 = Debug|Any CPU
		{B9F19026-DE9D-4BF7-9598-646BCA691753}.Release|Any CPU.ActiveCfg = Release|Any CPU
		{B9F19026-DE9D-4BF7-9598-646BCA691753}.Release|Any CPU.Build.0 = Release|Any CPU
	EndGlobalSection
	GlobalSection(SolutionProperties) = preSolution
		HideSolutionNode = FALSE
	EndGlobalSection
	GlobalSection(ExtensibilityGlobals) = postSolution
		SolutionGuid = {5CF93F11-22A3-42B5-B92F-2F02B384E505}
	EndGlobalSection
EndGlobal
