
Microsoft Visual Studio Solution File, Format Version 12.00
# Visual Studio Version 16
VisualStudioVersion = 16.0.31911.196
MinimumVisualStudioVersion = 10.0.40219.1
Project("{FAE04EC0-301F-11D3-BF4B-00C04F79EFBC}") = "Ders4", "Ders4\Ders4.csproj", "{CE660345-D148-498C-94D4-F89899A10192}"
EndProject
Global
	GlobalSection(SolutionConfigurationPlatforms) = preSolution
		Debug|Any CPU = Debug|Any CPU
		Release|Any CPU = Release|Any CPU
	EndGlobalSection
	GlobalSection(ProjectConfigurationPlatforms) = postSolution
		{CE660345-D148-498C-94D4-F89899A10192}.Debug|Any CPU.ActiveCfg = Debug|Any CPU
		{CE660345-D148-498C-94D4-F89899A10192}.Debug|Any CPU.Build.0 = Debug|Any CPU
		{CE660345-D148-498C-94D4-F89899A10192}.Release|Any CPU.ActiveCfg = Release|Any CPU
		{CE660345-D148-498C-94D4-F89899A10192}.Release|Any CPU.Build.0 = Release|Any CPU
	EndGlobalSection
	GlobalSection(SolutionProperties) = preSolution
		HideSolutionNode = FALSE
	EndGlobalSection
	GlobalSection(ExtensibilityGlobals) = postSolution
		SolutionGuid = {1224FA47-AACF-41DE-B6C5-C8E2BE6E3776}
	EndGlobalSection
EndGlobal
