
Microsoft Visual Studio Solution File, Format Version 12.00
# Visual Studio Version 17
VisualStudioVersion = 17.4.33103.184
MinimumVisualStudioVersion = 10.0.40219.1
Project("{FAE04EC0-301F-11D3-BF4B-00C04F79EFBC}") = "MySiteBlog", "MySiteBlog\MySiteBlog.csproj", "{D426184B-8A45-49D3-AE7C-C8146D3EFEAB}"
EndProject
Global
	GlobalSection(SolutionConfigurationPlatforms) = preSolution
		Debug|Any CPU = Debug|Any CPU
		Release|Any CPU = Release|Any CPU
	EndGlobalSection
	GlobalSection(ProjectConfigurationPlatforms) = postSolution
		{D426184B-8A45-49D3-AE7C-C8146D3EFEAB}.Debug|Any CPU.ActiveCfg = Debug|Any CPU
		{D426184B-8A45-49D3-AE7C-C8146D3EFEAB}.Debug|Any CPU.Build.0 = Debug|Any CPU
		{D426184B-8A45-49D3-AE7C-C8146D3EFEAB}.Release|Any CPU.ActiveCfg = Release|Any CPU
		{D426184B-8A45-49D3-AE7C-C8146D3EFEAB}.Release|Any CPU.Build.0 = Release|Any CPU
	EndGlobalSection
	GlobalSection(SolutionProperties) = preSolution
		HideSolutionNode = FALSE
	EndGlobalSection
	GlobalSection(ExtensibilityGlobals) = postSolution
		SolutionGuid = {ACB60B96-B4DA-4778-BB44-2B21A35F2EE9}
	EndGlobalSection
EndGlobal
