
Microsoft Visual Studio Solution File, Format Version 12.00
# Visual Studio Version 17
VisualStudioVersion = 17.3.32929.385
MinimumVisualStudioVersion = 10.0.40219.1
Project("{FAE04EC0-301F-11D3-BF4B-00C04F79EFBC}") = "SportSite", "SportSite\SportSite.csproj", "{10A45958-A677-4CAC-9624-63EAB0A6AB33}"
EndProject
Global
	GlobalSection(SolutionConfigurationPlatforms) = preSolution
		Debug|Any CPU = Debug|Any CPU
		Release|Any CPU = Release|Any CPU
	EndGlobalSection
	GlobalSection(ProjectConfigurationPlatforms) = postSolution
		{10A45958-A677-4CAC-9624-63EAB0A6AB33}.Debug|Any CPU.ActiveCfg = Debug|Any CPU
		{10A45958-A677-4CAC-9624-63EAB0A6AB33}.Debug|Any CPU.Build.0 = Debug|Any CPU
		{10A45958-A677-4CAC-9624-63EAB0A6AB33}.Release|Any CPU.ActiveCfg = Release|Any CPU
		{10A45958-A677-4CAC-9624-63EAB0A6AB33}.Release|Any CPU.Build.0 = Release|Any CPU
	EndGlobalSection
	GlobalSection(SolutionProperties) = preSolution
		HideSolutionNode = FALSE
	EndGlobalSection
	GlobalSection(ExtensibilityGlobals) = postSolution
		SolutionGuid = {5B6D55C6-828B-49DE-9B7F-C687F152D5D4}
	EndGlobalSection
EndGlobal
